
Microsoft Visual Studio Solution File, Format Version 12.00
# Visual Studio 2013
VisualStudioVersion = 12.0.31101.0
MinimumVisualStudioVersion = 10.0.40219.1
Project("{E5199CAE-C76E-4E41-898C-E42B5EFB45F3}") = "Git8", "Git8\Git8.csproj", "{57258AD9-3F28-490A-8A2F-95D3E2A44552}"
EndProject
Global
	GlobalSection(SolutionConfigurationPlatforms) = preSolution
		Debug|Any CPU = Debug|Any CPU
		Release|Any CPU = Release|Any CPU
	EndGlobalSection
	GlobalSection(ProjectConfigurationPlatforms) = postSolution
		{57258AD9-3F28-490A-8A2F-95D3E2A44552}.Debug|Any CPU.ActiveCfg = Debug|Any CPU
		{57258AD9-3F28-490A-8A2F-95D3E2A44552}.Debug|Any CPU.Build.0 = Debug|Any CPU
		{57258AD9-3F28-490A-8A2F-95D3E2A44552}.Release|Any CPU.ActiveCfg = Release|Any CPU
		{57258AD9-3F28-490A-8A2F-95D3E2A44552}.Release|Any CPU.Build.0 = Release|Any CPU
	EndGlobalSection
	GlobalSection(SolutionProperties) = preSolution
		HideSolutionNode = FALSE
	EndGlobalSection
EndGlobal
