
Microsoft Visual Studio Solution File, Format Version 11.00
# Visual Studio 2010
Project("{C26F3337-08D0-4D9A-890F-987E15EC16BC}") = "Same8", "Same8\Same8.csproj", "{C7296A9C-99CD-4185-9861-1B5371E38B14}"
EndProject
Global
	GlobalSection(SolutionConfigurationPlatforms) = preSolution
		Debug|Any CPU = Debug|Any CPU
		Release|Any CPU = Release|Any CPU
	EndGlobalSection
	GlobalSection(ProjectConfigurationPlatforms) = postSolution
		{C7296A9C-99CD-4185-9861-1B5371E38B14}.Debug|Any CPU.ActiveCfg = Debug|Any CPU
		{C7296A9C-99CD-4185-9861-1B5371E38B14}.Debug|Any CPU.Build.0 = Debug|Any CPU
		{C7296A9C-99CD-4185-9861-1B5371E38B14}.Release|Any CPU.ActiveCfg = Release|Any CPU
		{C7296A9C-99CD-4185-9861-1B5371E38B14}.Release|Any CPU.Build.0 = Release|Any CPU
	EndGlobalSection
	GlobalSection(SolutionProperties) = preSolution
		HideSolutionNode = FALSE
	EndGlobalSection
EndGlobal
