
Microsoft Visual Studio Solution File, Format Version 11.00
# Visual Studio 2010
Project("{BB10FD28-A361-4284-9EC2-399E54E5C439}") = "XmlProfile8", "XmlProfile8\XmlProfile8.csproj", "{20F4954E-7D0C-404E-8B8B-09CD147C1ECC}"
EndProject
Global
	GlobalSection(SolutionConfigurationPlatforms) = preSolution
		Debug|Any CPU = Debug|Any CPU
		Release|Any CPU = Release|Any CPU
	EndGlobalSection
	GlobalSection(ProjectConfigurationPlatforms) = postSolution
		{20F4954E-7D0C-404E-8B8B-09CD147C1ECC}.Debug|Any CPU.ActiveCfg = Debug|Any CPU
		{20F4954E-7D0C-404E-8B8B-09CD147C1ECC}.Debug|Any CPU.Build.0 = Debug|Any CPU
		{20F4954E-7D0C-404E-8B8B-09CD147C1ECC}.Release|Any CPU.ActiveCfg = Release|Any CPU
		{20F4954E-7D0C-404E-8B8B-09CD147C1ECC}.Release|Any CPU.Build.0 = Release|Any CPU
	EndGlobalSection
	GlobalSection(SolutionProperties) = preSolution
		HideSolutionNode = FALSE
	EndGlobalSection
EndGlobal
