
Microsoft Visual Studio Solution File, Format Version 11.00
# Visual Studio 2010
Project("{6AEB31C6-7979-4F5C-9D76-0B142BF4D9B3}") = "ProfileData", "ProfileData\ProfileData.csproj", "{D1DE53DE-78F8-4C9A-A204-678DFDFDC38E}"
EndProject
Global
	GlobalSection(SolutionConfigurationPlatforms) = preSolution
		Debug|Any CPU = Debug|Any CPU
		Release|Any CPU = Release|Any CPU
	EndGlobalSection
	GlobalSection(ProjectConfigurationPlatforms) = postSolution
		{D1DE53DE-78F8-4C9A-A204-678DFDFDC38E}.Debug|Any CPU.ActiveCfg = Debug|Any CPU
		{D1DE53DE-78F8-4C9A-A204-678DFDFDC38E}.Debug|Any CPU.Build.0 = Debug|Any CPU
		{D1DE53DE-78F8-4C9A-A204-678DFDFDC38E}.Release|Any CPU.ActiveCfg = Release|Any CPU
		{D1DE53DE-78F8-4C9A-A204-678DFDFDC38E}.Release|Any CPU.Build.0 = Release|Any CPU
	EndGlobalSection
	GlobalSection(SolutionProperties) = preSolution
		HideSolutionNode = FALSE
	EndGlobalSection
EndGlobal
